
Microsoft Visual Studio Solution File, Format Version 12.00
# Visual Studio 15
VisualStudioVersion = 15.0.27703.2047
MinimumVisualStudioVersion = 10.0.40219.1
Project("{FAE04EC0-301F-11D3-BF4B-00C04F79EFBC}") = "CapaPresentacion", "CapaPresentesacion\CapaPresentacion.csproj", "{74E07754-95DA-4FD6-BE5D-08495DE48B66}"
EndProject
Project("{FAE04EC0-301F-11D3-BF4B-00C04F79EFBC}") = "CapaNegociacion", "CapaNegociacion\CapaNegociacion.csproj", "{B0590C68-446B-4F71-89D3-C7CC42158EFB}"
EndProject
Project("{FAE04EC0-301F-11D3-BF4B-00C04F79EFBC}") = "CapaDatos", "CapaDatos\CapaDatos.csproj", "{CB3D1672-A736-44BE-92EB-837B0DE6B6D0}"
EndProject
Project("{54435603-DBB4-11D2-8724-00A0C9A8B90C}") = "ReliableAirlines", "ReliableAirlines\ReliableAirlines.vdproj", "{7FA54754-56B7-46BD-889A-DC289C8E073D}"
EndProject
Global
	GlobalSection(SolutionConfigurationPlatforms) = preSolution
		Debug|Any CPU = Debug|Any CPU
		Debug|ARM = Debug|ARM
		Debug|x64 = Debug|x64
		Debug|x86 = Debug|x86
		Release|Any CPU = Release|Any CPU
		Release|ARM = Release|ARM
		Release|x64 = Release|x64
		Release|x86 = Release|x86
	EndGlobalSection
	GlobalSection(ProjectConfigurationPlatforms) = postSolution
		{74E07754-95DA-4FD6-BE5D-08495DE48B66}.Debug|Any CPU.ActiveCfg = Debug|Any CPU
		{74E07754-95DA-4FD6-BE5D-08495DE48B66}.Debug|Any CPU.Build.0 = Debug|Any CPU
		{74E07754-95DA-4FD6-BE5D-08495DE48B66}.Debug|ARM.ActiveCfg = Debug|Any CPU
		{74E07754-95DA-4FD6-BE5D-08495DE48B66}.Debug|ARM.Build.0 = Debug|Any CPU
		{74E07754-95DA-4FD6-BE5D-08495DE48B66}.Debug|x64.ActiveCfg = Debug|Any CPU
		{74E07754-95DA-4FD6-BE5D-08495DE48B66}.Debug|x64.Build.0 = Debug|Any CPU
		{74E07754-95DA-4FD6-BE5D-08495DE48B66}.Debug|x86.ActiveCfg = Debug|Any CPU
		{74E07754-95DA-4FD6-BE5D-08495DE48B66}.Debug|x86.Build.0 = Debug|Any CPU
		{74E07754-95DA-4FD6-BE5D-08495DE48B66}.Release|Any CPU.ActiveCfg = Release|Any CPU
		{74E07754-95DA-4FD6-BE5D-08495DE48B66}.Release|Any CPU.Build.0 = Release|Any CPU
		{74E07754-95DA-4FD6-BE5D-08495DE48B66}.Release|ARM.ActiveCfg = Release|Any CPU
		{74E07754-95DA-4FD6-BE5D-08495DE48B66}.Release|ARM.Build.0 = Release|Any CPU
		{74E07754-95DA-4FD6-BE5D-08495DE48B66}.Release|x64.ActiveCfg = Release|Any CPU
		{74E07754-95DA-4FD6-BE5D-08495DE48B66}.Release|x64.Build.0 = Release|Any CPU
		{74E07754-95DA-4FD6-BE5D-08495DE48B66}.Release|x86.ActiveCfg = Release|Any CPU
		{74E07754-95DA-4FD6-BE5D-08495DE48B66}.Release|x86.Build.0 = Release|Any CPU
		{B0590C68-446B-4F71-89D3-C7CC42158EFB}.Debug|Any CPU.ActiveCfg = Debug|Any CPU
		{B0590C68-446B-4F71-89D3-C7CC42158EFB}.Debug|Any CPU.Build.0 = Debug|Any CPU
		{B0590C68-446B-4F71-89D3-C7CC42158EFB}.Debug|ARM.ActiveCfg = Debug|Any CPU
		{B0590C68-446B-4F71-89D3-C7CC42158EFB}.Debug|ARM.Build.0 = Debug|Any CPU
		{B0590C68-446B-4F71-89D3-C7CC42158EFB}.Debug|x64.ActiveCfg = Debug|Any CPU
		{B0590C68-446B-4F71-89D3-C7CC42158EFB}.Debug|x64.Build.0 = Debug|Any CPU
		{B0590C68-446B-4F71-89D3-C7CC42158EFB}.Debug|x86.ActiveCfg = Debug|Any CPU
		{B0590C68-446B-4F71-89D3-C7CC42158EFB}.Debug|x86.Build.0 = Debug|Any CPU
		{B0590C68-446B-4F71-89D3-C7CC42158EFB}.Release|Any CPU.ActiveCfg = Release|Any CPU
		{B0590C68-446B-4F71-89D3-C7CC42158EFB}.Release|Any CPU.Build.0 = Release|Any CPU
		{B0590C68-446B-4F71-89D3-C7CC42158EFB}.Release|ARM.ActiveCfg = Release|Any CPU
		{B0590C68-446B-4F71-89D3-C7CC42158EFB}.Release|ARM.Build.0 = Release|Any CPU
		{B0590C68-446B-4F71-89D3-C7CC42158EFB}.Release|x64.ActiveCfg = Release|Any CPU
		{B0590C68-446B-4F71-89D3-C7CC42158EFB}.Release|x64.Build.0 = Release|Any CPU
		{B0590C68-446B-4F71-89D3-C7CC42158EFB}.Release|x86.ActiveCfg = Release|Any CPU
		{B0590C68-446B-4F71-89D3-C7CC42158EFB}.Release|x86.Build.0 = Release|Any CPU
		{CB3D1672-A736-44BE-92EB-837B0DE6B6D0}.Debug|Any CPU.ActiveCfg = Debug|Any CPU
		{CB3D1672-A736-44BE-92EB-837B0DE6B6D0}.Debug|Any CPU.Build.0 = Debug|Any CPU
		{CB3D1672-A736-44BE-92EB-837B0DE6B6D0}.Debug|ARM.ActiveCfg = Debug|Any CPU
		{CB3D1672-A736-44BE-92EB-837B0DE6B6D0}.Debug|ARM.Build.0 = Debug|Any CPU
		{CB3D1672-A736-44BE-92EB-837B0DE6B6D0}.Debug|x64.ActiveCfg = Debug|Any CPU
		{CB3D1672-A736-44BE-92EB-837B0DE6B6D0}.Debug|x64.Build.0 = Debug|Any CPU
		{CB3D1672-A736-44BE-92EB-837B0DE6B6D0}.Debug|x86.ActiveCfg = Debug|Any CPU
		{CB3D1672-A736-44BE-92EB-837B0DE6B6D0}.Debug|x86.Build.0 = Debug|Any CPU
		{CB3D1672-A736-44BE-92EB-837B0DE6B6D0}.Release|Any CPU.ActiveCfg = Release|Any CPU
		{CB3D1672-A736-44BE-92EB-837B0DE6B6D0}.Release|Any CPU.Build.0 = Release|Any CPU
		{CB3D1672-A736-44BE-92EB-837B0DE6B6D0}.Release|ARM.ActiveCfg = Release|Any CPU
		{CB3D1672-A736-44BE-92EB-837B0DE6B6D0}.Release|ARM.Build.0 = Release|Any CPU
		{CB3D1672-A736-44BE-92EB-837B0DE6B6D0}.Release|x64.ActiveCfg = Release|Any CPU
		{CB3D1672-A736-44BE-92EB-837B0DE6B6D0}.Release|x64.Build.0 = Release|Any CPU
		{CB3D1672-A736-44BE-92EB-837B0DE6B6D0}.Release|x86.ActiveCfg = Release|Any CPU
		{CB3D1672-A736-44BE-92EB-837B0DE6B6D0}.Release|x86.Build.0 = Release|Any CPU
		{7FA54754-56B7-46BD-889A-DC289C8E073D}.Debug|Any CPU.ActiveCfg = Debug
		{7FA54754-56B7-46BD-889A-DC289C8E073D}.Debug|ARM.ActiveCfg = Debug
		{7FA54754-56B7-46BD-889A-DC289C8E073D}.Debug|x64.ActiveCfg = Debug
		{7FA54754-56B7-46BD-889A-DC289C8E073D}.Debug|x86.ActiveCfg = Debug
		{7FA54754-56B7-46BD-889A-DC289C8E073D}.Release|Any CPU.ActiveCfg = Release
		{7FA54754-56B7-46BD-889A-DC289C8E073D}.Release|ARM.ActiveCfg = Release
		{7FA54754-56B7-46BD-889A-DC289C8E073D}.Release|x64.ActiveCfg = Release
		{7FA54754-56B7-46BD-889A-DC289C8E073D}.Release|x86.ActiveCfg = Release
	EndGlobalSection
	GlobalSection(SolutionProperties) = preSolution
		HideSolutionNode = FALSE
	EndGlobalSection
	GlobalSection(ExtensibilityGlobals) = postSolution
		SolutionGuid = {585E7A7B-B3C5-4AF1-9B53-70429976FE96}
	EndGlobalSection
EndGlobal
